
Microsoft Visual Studio Solution File, Format Version 12.00
# Visual Studio Version 17
VisualStudioVersion = 17.4.33205.214
MinimumVisualStudioVersion = 10.0.40219.1
Project("{FAE04EC0-301F-11D3-BF4B-00C04F79EFBC}") = "Github_Project", "Github_Project\Github_Project.csproj", "{B0DDABB1-45F9-4059-8A2E-723AE05BC9CE}"
EndProject
Project("{FAE04EC0-301F-11D3-BF4B-00C04F79EFBC}") = "Domain", "Domain\Domain.csproj", "{DDB6FF01-96CC-444A-88DA-BB4B690B1748}"
EndProject
Project("{FAE04EC0-301F-11D3-BF4B-00C04F79EFBC}") = "Data", "Data\Data.csproj", "{C494D38E-BBCA-4F12-9F03-B4965AEA1608}"
EndProject
Project("{FAE04EC0-301F-11D3-BF4B-00C04F79EFBC}") = "Service", "Service\Service.csproj", "{E07C1779-C817-4EEF-9642-2D1FD35A18EF}"
EndProject
Global
	GlobalSection(SolutionConfigurationPlatforms) = preSolution
		Debug|Any CPU = Debug|Any CPU
		Release|Any CPU = Release|Any CPU
	EndGlobalSection
	GlobalSection(ProjectConfigurationPlatforms) = postSolution
		{B0DDABB1-45F9-4059-8A2E-723AE05BC9CE}.Debug|Any CPU.ActiveCfg = Debug|Any CPU
		{B0DDABB1-45F9-4059-8A2E-723AE05BC9CE}.Debug|Any CPU.Build.0 = Debug|Any CPU
		{B0DDABB1-45F9-4059-8A2E-723AE05BC9CE}.Release|Any CPU.ActiveCfg = Release|Any CPU
		{B0DDABB1-45F9-4059-8A2E-723AE05BC9CE}.Release|Any CPU.Build.0 = Release|Any CPU
		{DDB6FF01-96CC-444A-88DA-BB4B690B1748}.Debug|Any CPU.ActiveCfg = Debug|Any CPU
		{DDB6FF01-96CC-444A-88DA-BB4B690B1748}.Debug|Any CPU.Build.0 = Debug|Any CPU
		{DDB6FF01-96CC-444A-88DA-BB4B690B1748}.Release|Any CPU.ActiveCfg = Release|Any CPU
		{DDB6FF01-96CC-444A-88DA-BB4B690B1748}.Release|Any CPU.Build.0 = Release|Any CPU
		{C494D38E-BBCA-4F12-9F03-B4965AEA1608}.Debug|Any CPU.ActiveCfg = Debug|Any CPU
		{C494D38E-BBCA-4F12-9F03-B4965AEA1608}.Debug|Any CPU.Build.0 = Debug|Any CPU
		{C494D38E-BBCA-4F12-9F03-B4965AEA1608}.Release|Any CPU.ActiveCfg = Release|Any CPU
		{C494D38E-BBCA-4F12-9F03-B4965AEA1608}.Release|Any CPU.Build.0 = Release|Any CPU
		{E07C1779-C817-4EEF-9642-2D1FD35A18EF}.Debug|Any CPU.ActiveCfg = Debug|Any CPU
		{E07C1779-C817-4EEF-9642-2D1FD35A18EF}.Debug|Any CPU.Build.0 = Debug|Any CPU
		{E07C1779-C817-4EEF-9642-2D1FD35A18EF}.Release|Any CPU.ActiveCfg = Release|Any CPU
		{E07C1779-C817-4EEF-9642-2D1FD35A18EF}.Release|Any CPU.Build.0 = Release|Any CPU
	EndGlobalSection
	GlobalSection(SolutionProperties) = preSolution
		HideSolutionNode = FALSE
	EndGlobalSection
	GlobalSection(ExtensibilityGlobals) = postSolution
		SolutionGuid = {1ABE8983-9B09-4604-AAE6-8B0EAAFAFDC3}
	EndGlobalSection
EndGlobal
